
Microsoft Visual Studio Solution File, Format Version 12.00
# Visual Studio Version 17
VisualStudioVersion = 17.6.33815.320
MinimumVisualStudioVersion = 10.0.40219.1
Project("{FAE04EC0-301F-11D3-BF4B-00C04F79EFBC}") = "HydrusSharp", "HydrusSharp\HydrusSharp.csproj", "{7353E312-90C0-4DA0-8818-358F6AC9E13B}"
EndProject
Project("{FAE04EC0-301F-11D3-BF4B-00C04F79EFBC}") = "HydrusSharp.Tests", "HydrusSharp.Tests\HydrusSharp.Tests.csproj", "{1123BA64-618A-41B6-A266-AC9D9B58D2E0}"
EndProject
Global
	GlobalSection(SolutionConfigurationPlatforms) = preSolution
		Debug|Any CPU = Debug|Any CPU
		Release|Any CPU = Release|Any CPU
	EndGlobalSection
	GlobalSection(ProjectConfigurationPlatforms) = postSolution
		{7353E312-90C0-4DA0-8818-358F6AC9E13B}.Debug|Any CPU.ActiveCfg = Debug|Any CPU
		{7353E312-90C0-4DA0-8818-358F6AC9E13B}.Debug|Any CPU.Build.0 = Debug|Any CPU
		{7353E312-90C0-4DA0-8818-358F6AC9E13B}.Release|Any CPU.ActiveCfg = Release|Any CPU
		{7353E312-90C0-4DA0-8818-358F6AC9E13B}.Release|Any CPU.Build.0 = Release|Any CPU
		{1123BA64-618A-41B6-A266-AC9D9B58D2E0}.Debug|Any CPU.ActiveCfg = Debug|Any CPU
		{1123BA64-618A-41B6-A266-AC9D9B58D2E0}.Debug|Any CPU.Build.0 = Debug|Any CPU
		{1123BA64-618A-41B6-A266-AC9D9B58D2E0}.Release|Any CPU.ActiveCfg = Release|Any CPU
		{1123BA64-618A-41B6-A266-AC9D9B58D2E0}.Release|Any CPU.Build.0 = Release|Any CPU
	EndGlobalSection
	GlobalSection(SolutionProperties) = preSolution
		HideSolutionNode = FALSE
	EndGlobalSection
	GlobalSection(ExtensibilityGlobals) = postSolution
		SolutionGuid = {8DFA4F55-02F6-4BC3-94E0-41ECBA63845E}
	EndGlobalSection
EndGlobal
